
Microsoft Visual Studio Solution File, Format Version 12.00
# Visual Studio Version 17
VisualStudioVersion = 17.3.32929.385
MinimumVisualStudioVersion = 10.0.40219.1
Project("{9A19103F-16F7-4668-BE54-9A1E7A4F7556}") = "SystemManagement", "SystemManagement\SystemManagement.csproj", "{45526BFD-4C1C-4469-A436-0AC2E0992373}"
EndProject
Project("{9A19103F-16F7-4668-BE54-9A1E7A4F7556}") = "InboundService", "InboundService\InboundService.csproj", "{3E400498-6986-4CA7-BE6C-B112E9FB7113}"
EndProject
Project("{9A19103F-16F7-4668-BE54-9A1E7A4F7556}") = "InventoryManagementService", "InventoryManagementService\InventoryManagementService.csproj", "{189E4F91-815F-4FD3-9AE5-F163925C3E0B}"
EndProject
Project("{FAE04EC0-301F-11D3-BF4B-00C04F79EFBC}") = "OutBoundService", "OutBoundService\OutBoundService.csproj", "{FA978307-7903-4030-9D87-2C644693676D}"
EndProject
Global
	GlobalSection(SolutionConfigurationPlatforms) = preSolution
		Debug|Any CPU = Debug|Any CPU
		Release|Any CPU = Release|Any CPU
	EndGlobalSection
	GlobalSection(ProjectConfigurationPlatforms) = postSolution
		{45526BFD-4C1C-4469-A436-0AC2E0992373}.Debug|Any CPU.ActiveCfg = Debug|Any CPU
		{45526BFD-4C1C-4469-A436-0AC2E0992373}.Debug|Any CPU.Build.0 = Debug|Any CPU
		{45526BFD-4C1C-4469-A436-0AC2E0992373}.Release|Any CPU.ActiveCfg = Release|Any CPU
		{45526BFD-4C1C-4469-A436-0AC2E0992373}.Release|Any CPU.Build.0 = Release|Any CPU
		{3E400498-6986-4CA7-BE6C-B112E9FB7113}.Debug|Any CPU.ActiveCfg = Debug|Any CPU
		{3E400498-6986-4CA7-BE6C-B112E9FB7113}.Debug|Any CPU.Build.0 = Debug|Any CPU
		{3E400498-6986-4CA7-BE6C-B112E9FB7113}.Release|Any CPU.ActiveCfg = Release|Any CPU
		{3E400498-6986-4CA7-BE6C-B112E9FB7113}.Release|Any CPU.Build.0 = Release|Any CPU
		{189E4F91-815F-4FD3-9AE5-F163925C3E0B}.Debug|Any CPU.ActiveCfg = Debug|Any CPU
		{189E4F91-815F-4FD3-9AE5-F163925C3E0B}.Debug|Any CPU.Build.0 = Debug|Any CPU
		{189E4F91-815F-4FD3-9AE5-F163925C3E0B}.Release|Any CPU.ActiveCfg = Release|Any CPU
		{189E4F91-815F-4FD3-9AE5-F163925C3E0B}.Release|Any CPU.Build.0 = Release|Any CPU
		{FA978307-7903-4030-9D87-2C644693676D}.Debug|Any CPU.ActiveCfg = Debug|Any CPU
		{FA978307-7903-4030-9D87-2C644693676D}.Debug|Any CPU.Build.0 = Debug|Any CPU
		{FA978307-7903-4030-9D87-2C644693676D}.Release|Any CPU.ActiveCfg = Release|Any CPU
		{FA978307-7903-4030-9D87-2C644693676D}.Release|Any CPU.Build.0 = Release|Any CPU
	EndGlobalSection
	GlobalSection(SolutionProperties) = preSolution
		HideSolutionNode = FALSE
	EndGlobalSection
	GlobalSection(ExtensibilityGlobals) = postSolution
		SolutionGuid = {E18BBFB3-251F-44C3-986C-F58E5FA505D4}
	EndGlobalSection
EndGlobal
